
Microsoft Visual Studio Solution File, Format Version 12.00
# Visual Studio 2013
VisualStudioVersion = 12.0.31101.0
MinimumVisualStudioVersion = 10.0.40219.1
Project("{FAE04EC0-301F-11D3-BF4B-00C04F79EFBC}") = "PasswordSafe", "PasswordSafe\PasswordSafe.csproj", "{7C42C376-44DE-4505-9D9A-D38262F8177C}"
EndProject
Project("{FAE04EC0-301F-11D3-BF4B-00C04F79EFBC}") = "PasswordSafe.WP8", "PasswordSafe.WP8\PasswordSafe.WP8.csproj", "{6E2D01AC-10F0-4CAD-A18C-1FE2DEC76E81}"
EndProject
Project("{FAE04EC0-301F-11D3-BF4B-00C04F79EFBC}") = "PasswordSafe.WP81", "PasswordSafe.WP81\PasswordSafe.WP81.csproj", "{9940A48F-F5EE-4DDF-9A24-BC643272B25E}"
EndProject
Project("{FAE04EC0-301F-11D3-BF4B-00C04F79EFBC}") = "PasswordSafe.Tests", "PasswordSafe.Tests\PasswordSafe.Tests.csproj", "{C880A021-4676-41B5-80FB-2A1BFBC2451B}"
EndProject
Project("{2150E333-8FDC-42A3-9474-1A3956D46DE8}") = "Solution Items", "Solution Items", "{85BA6D99-A7B7-432F-9DCE-E84CD416FE77}"
	ProjectSection(SolutionItems) = preProject
		License.txt = License.txt
	EndProjectSection
EndProject
Global
	GlobalSection(SolutionConfigurationPlatforms) = preSolution
		Debug|Any CPU = Debug|Any CPU
		Debug|ARM = Debug|ARM
		Debug|x86 = Debug|x86
		Release|Any CPU = Release|Any CPU
		Release|ARM = Release|ARM
		Release|x86 = Release|x86
	EndGlobalSection
	GlobalSection(ProjectConfigurationPlatforms) = postSolution
		{7C42C376-44DE-4505-9D9A-D38262F8177C}.Debug|Any CPU.ActiveCfg = Debug|Any CPU
		{7C42C376-44DE-4505-9D9A-D38262F8177C}.Debug|Any CPU.Build.0 = Debug|Any CPU
		{7C42C376-44DE-4505-9D9A-D38262F8177C}.Debug|ARM.ActiveCfg = Debug|ARM
		{7C42C376-44DE-4505-9D9A-D38262F8177C}.Debug|ARM.Build.0 = Debug|ARM
		{7C42C376-44DE-4505-9D9A-D38262F8177C}.Debug|x86.ActiveCfg = Debug|x86
		{7C42C376-44DE-4505-9D9A-D38262F8177C}.Debug|x86.Build.0 = Debug|x86
		{7C42C376-44DE-4505-9D9A-D38262F8177C}.Release|Any CPU.ActiveCfg = Release|Any CPU
		{7C42C376-44DE-4505-9D9A-D38262F8177C}.Release|Any CPU.Build.0 = Release|Any CPU
		{7C42C376-44DE-4505-9D9A-D38262F8177C}.Release|ARM.ActiveCfg = Release|ARM
		{7C42C376-44DE-4505-9D9A-D38262F8177C}.Release|ARM.Build.0 = Release|ARM
		{7C42C376-44DE-4505-9D9A-D38262F8177C}.Release|x86.ActiveCfg = Release|x86
		{7C42C376-44DE-4505-9D9A-D38262F8177C}.Release|x86.Build.0 = Release|x86
		{6E2D01AC-10F0-4CAD-A18C-1FE2DEC76E81}.Debug|Any CPU.ActiveCfg = Debug|Any CPU
		{6E2D01AC-10F0-4CAD-A18C-1FE2DEC76E81}.Debug|Any CPU.Build.0 = Debug|Any CPU
		{6E2D01AC-10F0-4CAD-A18C-1FE2DEC76E81}.Debug|ARM.ActiveCfg = Debug|ARM
		{6E2D01AC-10F0-4CAD-A18C-1FE2DEC76E81}.Debug|ARM.Build.0 = Debug|ARM
		{6E2D01AC-10F0-4CAD-A18C-1FE2DEC76E81}.Debug|x86.ActiveCfg = Debug|x86
		{6E2D01AC-10F0-4CAD-A18C-1FE2DEC76E81}.Debug|x86.Build.0 = Debug|x86
		{6E2D01AC-10F0-4CAD-A18C-1FE2DEC76E81}.Release|Any CPU.ActiveCfg = Release|Any CPU
		{6E2D01AC-10F0-4CAD-A18C-1FE2DEC76E81}.Release|Any CPU.Build.0 = Release|Any CPU
		{6E2D01AC-10F0-4CAD-A18C-1FE2DEC76E81}.Release|ARM.ActiveCfg = Release|ARM
		{6E2D01AC-10F0-4CAD-A18C-1FE2DEC76E81}.Release|ARM.Build.0 = Release|ARM
		{6E2D01AC-10F0-4CAD-A18C-1FE2DEC76E81}.Release|x86.ActiveCfg = Release|x86
		{6E2D01AC-10F0-4CAD-A18C-1FE2DEC76E81}.Release|x86.Build.0 = Release|x86
		{9940A48F-F5EE-4DDF-9A24-BC643272B25E}.Debug|Any CPU.ActiveCfg = Debug|Any CPU
		{9940A48F-F5EE-4DDF-9A24-BC643272B25E}.Debug|Any CPU.Build.0 = Debug|Any CPU
		{9940A48F-F5EE-4DDF-9A24-BC643272B25E}.Debug|ARM.ActiveCfg = Debug|ARM
		{9940A48F-F5EE-4DDF-9A24-BC643272B25E}.Debug|ARM.Build.0 = Debug|ARM
		{9940A48F-F5EE-4DDF-9A24-BC643272B25E}.Debug|x86.ActiveCfg = Debug|x86
		{9940A48F-F5EE-4DDF-9A24-BC643272B25E}.Debug|x86.Build.0 = Debug|x86
		{9940A48F-F5EE-4DDF-9A24-BC643272B25E}.Release|Any CPU.ActiveCfg = Release|Any CPU
		{9940A48F-F5EE-4DDF-9A24-BC643272B25E}.Release|Any CPU.Build.0 = Release|Any CPU
		{9940A48F-F5EE-4DDF-9A24-BC643272B25E}.Release|ARM.ActiveCfg = Release|ARM
		{9940A48F-F5EE-4DDF-9A24-BC643272B25E}.Release|ARM.Build.0 = Release|ARM
		{9940A48F-F5EE-4DDF-9A24-BC643272B25E}.Release|x86.ActiveCfg = Release|x86
		{9940A48F-F5EE-4DDF-9A24-BC643272B25E}.Release|x86.Build.0 = Release|x86
		{C880A021-4676-41B5-80FB-2A1BFBC2451B}.Debug|Any CPU.ActiveCfg = Debug|Any CPU
		{C880A021-4676-41B5-80FB-2A1BFBC2451B}.Debug|Any CPU.Build.0 = Debug|Any CPU
		{C880A021-4676-41B5-80FB-2A1BFBC2451B}.Debug|ARM.ActiveCfg = Debug|Any CPU
		{C880A021-4676-41B5-80FB-2A1BFBC2451B}.Debug|x86.ActiveCfg = Debug|x86
		{C880A021-4676-41B5-80FB-2A1BFBC2451B}.Debug|x86.Build.0 = Debug|x86
		{C880A021-4676-41B5-80FB-2A1BFBC2451B}.Release|Any CPU.ActiveCfg = Release|Any CPU
		{C880A021-4676-41B5-80FB-2A1BFBC2451B}.Release|Any CPU.Build.0 = Release|Any CPU
		{C880A021-4676-41B5-80FB-2A1BFBC2451B}.Release|ARM.ActiveCfg = Release|Any CPU
		{C880A021-4676-41B5-80FB-2A1BFBC2451B}.Release|x86.ActiveCfg = Release|x86
		{C880A021-4676-41B5-80FB-2A1BFBC2451B}.Release|x86.Build.0 = Release|x86
	EndGlobalSection
	GlobalSection(SolutionProperties) = preSolution
		HideSolutionNode = FALSE
	EndGlobalSection
EndGlobal
